{
  "version": 4,
  "terraform_version": "1.11.0",
  "serial": 149,
  "lineage": "a38c4042-67e9-ddf0-ab30-ebc4a4d77718",
  "outputs": {
    "alb_dns_name": {
      "value": "technova-prod-alb-149516893.us-east-1.elb.amazonaws.com",
      "type": "string"
    },
    "private_subnet_ids": {
      "value": [
        "subnet-075d4b5a4d07c617b",
        "subnet-0725ccb56709498cf"
      ],
      "type": [
        "tuple",
        [
          "string",
          "string"
        ]
      ]
    },
    "public_subnet_ids": {
      "value": [
        "subnet-047b95401cb1f8342",
        "subnet-0e89675f4e7c4c570"
      ],
      "type": [
        "tuple",
        [
          "string",
          "string"
        ]
      ]
    },
    "vpc_id": {
      "value": "vpc-04a06534acad66e07",
      "type": "string"
    }
  },
  "resources": [
    {
      "module": "module.alb",
      "mode": "managed",
      "type": "aws_lb",
      "name": "main",
      "provider": "provider[\"registry.terraform.io/hashicorp/aws\"]",
      "instances": [
        {
          "schema_version": 0,
          "attributes": {
            "access_logs": [
              {
                "bucket": "",
                "enabled": false,
                "prefix": ""
              }
            ],
            "arn": "arn:aws:elasticloadbalancing:us-east-1:187726662576:loadbalancer/app/technova-prod-alb/98ab8b8300604af5",
            "arn_suffix": "app/technova-prod-alb/98ab8b8300604af5",
            "customer_owned_ipv4_pool": "",
            "desync_mitigation_mode": "defensive",
            "dns_name": "technova-prod-alb-149516893.us-east-1.elb.amazonaws.com",
            "drop_invalid_header_fields": false,
            "enable_cross_zone_load_balancing": true,
            "enable_deletion_protection": false,
            "enable_http2": true,
            "enable_waf_fail_open": false,
            "id": "arn:aws:elasticloadbalancing:us-east-1:187726662576:loadbalancer/app/technova-prod-alb/98ab8b8300604af5",
            "idle_timeout": 60,
            "internal": false,
            "ip_address_type": "ipv4",
            "load_balancer_type": "application",
            "name": "technova-prod-alb",
            "name_prefix": null,
            "preserve_host_header": false,
            "security_groups": [
              "sg-001fa6138354f568e"
            ],
            "subnet_mapping": [
              {
                "allocation_id": "",
                "ipv6_address": "",
                "outpost_id": "",
                "private_ipv4_address": "",
                "subnet_id": "subnet-047b95401cb1f8342"
              },
              {
                "allocation_id": "",
                "ipv6_address": "",
                "outpost_id": "",
                "private_ipv4_address": "",
                "subnet_id": "subnet-0e89675f4e7c4c570"
              }
            ],
            "subnets": [
              "subnet-047b95401cb1f8342",
              "subnet-0e89675f4e7c4c570"
            ],
            "tags": {
              "Department": "IT",
              "Environment": "prod",
              "Name": "technova-prod-alb",
              "Project": "technova"
            },
            "tags_all": {
              "Department": "IT",
              "Environment": "prod",
              "Name": "technova-prod-alb",
              "Project": "technova"
            },
            "timeouts": null,
            "vpc_id": "vpc-04a06534acad66e07",
            "zone_id": "Z35SXDOTRQ7X7K"
          },
          "sensitive_attributes": [],
          "private": "eyJlMmJmYjczMC1lY2FhLTExZTYtOGY4OC0zNDM2M2JjN2M0YzAiOnsiY3JlYXRlIjo2MDAwMDAwMDAwMDAsImRlbGV0ZSI6NjAwMDAwMDAwMDAwLCJ1cGRhdGUiOjYwMDAwMDAwMDAwMH19",
          "dependencies": [
            "module.security_groups.aws_security_group.alb",
            "module.vpc.aws_subnet.public",
            "module.vpc.aws_vpc.main"
          ]
        }
      ]
    },
    {
      "module": "module.alb",
      "mode": "managed",
      "type": "aws_lb_listener",
      "name": "http",
      "provider": "provider[\"registry.terraform.io/hashicorp/aws\"]",
      "instances": [
        {
          "schema_version": 0,
          "attributes": {
            "alpn_policy": null,
            "arn": "arn:aws:elasticloadbalancing:us-east-1:187726662576:listener/app/technova-prod-alb/98ab8b8300604af5/703ebb77208d4e5f",
            "certificate_arn": null,
            "default_action": [
              {
                "authenticate_cognito": [],
                "authenticate_oidc": [],
                "fixed_response": [],
                "forward": [],
                "order": 1,
                "redirect": [],
                "target_group_arn": "arn:aws:elasticloadbalancing:us-east-1:187726662576:targetgroup/technova-prod-tg/cbf57feb0999f86d",
                "type": "forward"
              }
            ],
            "id": "arn:aws:elasticloadbalancing:us-east-1:187726662576:listener/app/technova-prod-alb/98ab8b8300604af5/703ebb77208d4e5f",
            "load_balancer_arn": "arn:aws:elasticloadbalancing:us-east-1:187726662576:loadbalancer/app/technova-prod-alb/98ab8b8300604af5",
            "port": 80,
            "protocol": "HTTP",
            "ssl_policy": "",
            "tags": {
              "Department": "IT",
              "Environment": "prod",
              "Name": "technova-prod-http-listener",
              "Project": "technova"
            },
            "tags_all": {
              "Department": "IT",
              "Environment": "prod",
              "Name": "technova-prod-http-listener",
              "Project": "technova"
            },
            "timeouts": null
          },
          "sensitive_attributes": [],
          "private": "eyJlMmJmYjczMC1lY2FhLTExZTYtOGY4OC0zNDM2M2JjN2M0YzAiOnsicmVhZCI6NjAwMDAwMDAwMDAwfX0=",
          "dependencies": [
            "module.alb.aws_lb.main",
            "module.alb.aws_lb_target_group.main",
            "module.security_groups.aws_security_group.alb",
            "module.vpc.aws_subnet.public",
            "module.vpc.aws_vpc.main"
          ]
        }
      ]
    },
    {
      "module": "module.alb",
      "mode": "managed",
      "type": "aws_lb_target_group",
      "name": "main",
      "provider": "provider[\"registry.terraform.io/hashicorp/aws\"]",
      "instances": [
        {
          "schema_version": 0,
          "attributes": {
            "arn": "arn:aws:elasticloadbalancing:us-east-1:187726662576:targetgroup/technova-prod-tg/cbf57feb0999f86d",
            "arn_suffix": "targetgroup/technova-prod-tg/cbf57feb0999f86d",
            "connection_termination": false,
            "deregistration_delay": "300",
            "health_check": [
              {
                "enabled": true,
                "healthy_threshold": 2,
                "interval": 30,
                "matcher": "200",
                "path": "/",
                "port": "traffic-port",
                "protocol": "HTTP",
                "timeout": 5,
                "unhealthy_threshold": 2
              }
            ],
            "id": "arn:aws:elasticloadbalancing:us-east-1:187726662576:targetgroup/technova-prod-tg/cbf57feb0999f86d",
            "ip_address_type": "ipv4",
            "lambda_multi_value_headers_enabled": false,
            "load_balancing_algorithm_type": "round_robin",
            "name": "technova-prod-tg",
            "name_prefix": null,
            "port": 80,
            "preserve_client_ip": null,
            "protocol": "HTTP",
            "protocol_version": "HTTP1",
            "proxy_protocol_v2": false,
            "slow_start": 0,
            "stickiness": [
              {
                "cookie_duration": 86400,
                "cookie_name": "",
                "enabled": false,
                "type": "lb_cookie"
              }
            ],
            "tags": {
              "Department": "IT",
              "Environment": "prod",
              "Name": "technova-prod-tg",
              "Project": "technova"
            },
            "tags_all": {
              "Department": "IT",
              "Environment": "prod",
              "Name": "technova-prod-tg",
              "Project": "technova"
            },
            "target_failover": [
              {
                "on_deregistration": null,
                "on_unhealthy": null
              }
            ],
            "target_type": "instance",
            "vpc_id": "vpc-04a06534acad66e07"
          },
          "sensitive_attributes": [],
          "private": "bnVsbA==",
          "dependencies": [
            "module.vpc.aws_vpc.main"
          ],
          "create_before_destroy": true
        }
      ]
    },
    {
      "module": "module.asg",
      "mode": "data",
      "type": "aws_ami",
      "name": "amazon_linux",
      "provider": "provider[\"registry.terraform.io/hashicorp/aws\"]",
      "instances": [
        {
          "schema_version": 0,
          "attributes": {
            "architecture": "x86_64",
            "arn": "arn:aws:ec2:us-east-1::image/ami-01f5a0b78d6089704",
            "block_device_mappings": [
              {
                "device_name": "/dev/xvda",
                "ebs": {
                  "delete_on_termination": "true",
                  "encrypted": "false",
                  "iops": "0",
                  "snapshot_id": "snap-0d7e5f888fca4aaa6",
                  "throughput": "0",
                  "volume_size": "8",
                  "volume_type": "gp2"
                },
                "no_device": "",
                "virtual_name": ""
              }
            ],
            "boot_mode": "",
            "creation_date": "2025-03-05T01:36:07.000Z",
            "deprecation_time": "2025-07-01T00:00:00.000Z",
            "description": "Amazon Linux 2 AMI 2.0.20250305.0 x86_64 HVM gp2",
            "ena_support": true,
            "executable_users": null,
            "filter": [
              {
                "name": "name",
                "values": [
                  "amzn2-ami-hvm-*-x86_64-gp2"
                ]
              },
              {
                "name": "virtualization-type",
                "values": [
                  "hvm"
                ]
              }
            ],
            "hypervisor": "xen",
            "id": "ami-01f5a0b78d6089704",
            "image_id": "ami-01f5a0b78d6089704",
            "image_location": "amazon/amzn2-ami-hvm-2.0.20250305.0-x86_64-gp2",
            "image_owner_alias": "amazon",
            "image_type": "machine",
            "imds_support": "",
            "include_deprecated": false,
            "kernel_id": "",
            "most_recent": true,
            "name": "amzn2-ami-hvm-2.0.20250305.0-x86_64-gp2",
            "name_regex": null,
            "owner_id": "137112412989",
            "owners": [
              "amazon"
            ],
            "platform": "",
            "platform_details": "Linux/UNIX",
            "product_codes": [],
            "public": true,
            "ramdisk_id": "",
            "root_device_name": "/dev/xvda",
            "root_device_type": "ebs",
            "root_snapshot_id": "snap-0d7e5f888fca4aaa6",
            "sriov_net_support": "simple",
            "state": "available",
            "state_reason": {
              "code": "UNSET",
              "message": "UNSET"
            },
            "tags": {},
            "timeouts": null,
            "tpm_support": "",
            "usage_operation": "RunInstances",
            "virtualization_type": "hvm"
          },
          "sensitive_attributes": []
        }
      ]
    },
    {
      "module": "module.asg",
      "mode": "managed",
      "type": "aws_autoscaling_group",
      "name": "main",
      "provider": "provider[\"registry.terraform.io/hashicorp/aws\"]",
      "instances": [
        {
          "schema_version": 0,
          "attributes": {
            "arn": "arn:aws:autoscaling:us-east-1:187726662576:autoScalingGroup:2af1fa5c-bed4-4f36-b447-3c3d89cf17cc:autoScalingGroupName/technova-prod-asg",
            "availability_zones": [
              "us-east-1a",
              "us-east-1b"
            ],
            "capacity_rebalance": false,
            "context": "",
            "default_cooldown": 300,
            "default_instance_warmup": 0,
            "desired_capacity": 2,
            "enabled_metrics": null,
            "force_delete": false,
            "force_delete_warm_pool": false,
            "health_check_grace_period": 300,
            "health_check_type": "ELB",
            "id": "technova-prod-asg",
            "initial_lifecycle_hook": [],
            "instance_refresh": [],
            "launch_configuration": "",
            "launch_template": [
              {
                "id": "lt-015e2841734d24280",
                "name": "technova-prod-lt-20250318191613091000000001",
                "version": "$Latest"
              }
            ],
            "load_balancers": null,
            "max_instance_lifetime": 0,
            "max_size": 10,
            "metrics_granularity": "1Minute",
            "min_elb_capacity": null,
            "min_size": 2,
            "mixed_instances_policy": [],
            "name": "technova-prod-asg",
            "name_prefix": "",
            "placement_group": "",
            "protect_from_scale_in": false,
            "service_linked_role_arn": "arn:aws:iam::187726662576:role/aws-service-role/autoscaling.amazonaws.com/AWSServiceRoleForAutoScaling",
            "suspended_processes": null,
            "tag": [
              {
                "key": "Department",
                "propagate_at_launch": true,
                "value": "IT"
              },
              {
                "key": "Environment",
                "propagate_at_launch": true,
                "value": "prod"
              },
              {
                "key": "Name",
                "propagate_at_launch": true,
                "value": "technova-prod-asg-instance"
              },
              {
                "key": "Project",
                "propagate_at_launch": true,
                "value": "technova"
              }
            ],
            "tags": null,
            "target_group_arns": [
              "arn:aws:elasticloadbalancing:us-east-1:187726662576:targetgroup/technova-prod-tg/cbf57feb0999f86d"
            ],
            "termination_policies": null,
            "timeouts": null,
            "vpc_zone_identifier": [
              "subnet-0725ccb56709498cf",
              "subnet-075d4b5a4d07c617b"
            ],
            "wait_for_capacity_timeout": "10m",
            "wait_for_elb_capacity": null,
            "warm_pool": []
          },
          "sensitive_attributes": [],
          "private": "eyJlMmJmYjczMC1lY2FhLTExZTYtOGY4OC0zNDM2M2JjN2M0YzAiOnsiZGVsZXRlIjo2MDAwMDAwMDAwMDAsInVwZGF0ZSI6NjAwMDAwMDAwMDAwfX0=",
          "dependencies": [
            "module.alb.aws_lb_target_group.main",
            "module.asg.aws_launch_template.main",
            "module.asg.data.aws_ami.amazon_linux",
            "module.security_groups.aws_security_group.alb",
            "module.security_groups.aws_security_group.instance",
            "module.vpc.aws_subnet.private",
            "module.vpc.aws_vpc.main"
          ],
          "create_before_destroy": true
        }
      ]
    },
    {
      "module": "module.asg",
      "mode": "managed",
      "type": "aws_autoscaling_policy",
      "name": "scale_down",
      "provider": "provider[\"registry.terraform.io/hashicorp/aws\"]",
      "instances": [
        {
          "schema_version": 0,
          "attributes": {
            "adjustment_type": "ChangeInCapacity",
            "arn": "arn:aws:autoscaling:us-east-1:187726662576:scalingPolicy:4127bfe6-4af1-485f-9451-de4e3cdd1545:autoScalingGroupName/technova-prod-asg:policyName/technova-prod-scale-down",
            "autoscaling_group_name": "technova-prod-asg",
            "cooldown": 300,
            "enabled": true,
            "estimated_instance_warmup": 0,
            "id": "technova-prod-scale-down",
            "metric_aggregation_type": "",
            "min_adjustment_magnitude": null,
            "name": "technova-prod-scale-down",
            "policy_type": "SimpleScaling",
            "predictive_scaling_configuration": [],
            "scaling_adjustment": -1,
            "step_adjustment": [],
            "target_tracking_configuration": []
          },
          "sensitive_attributes": [],
          "private": "bnVsbA==",
          "dependencies": [
            "module.alb.aws_lb_target_group.main",
            "module.asg.aws_autoscaling_group.main",
            "module.asg.aws_launch_template.main",
            "module.asg.data.aws_ami.amazon_linux",
            "module.security_groups.aws_security_group.alb",
            "module.security_groups.aws_security_group.instance",
            "module.vpc.aws_subnet.private",
            "module.vpc.aws_vpc.main"
          ]
        }
      ]
    },
    {
      "module": "module.asg",
      "mode": "managed",
      "type": "aws_autoscaling_policy",
      "name": "scale_up",
      "provider": "provider[\"registry.terraform.io/hashicorp/aws\"]",
      "instances": [
        {
          "schema_version": 0,
          "attributes": {
            "adjustment_type": "ChangeInCapacity",
            "arn": "arn:aws:autoscaling:us-east-1:187726662576:scalingPolicy:a573f0dc-8c54-4ee4-95ca-0763443c1cdf:autoScalingGroupName/technova-prod-asg:policyName/technova-prod-scale-up",
            "autoscaling_group_name": "technova-prod-asg",
            "cooldown": 300,
            "enabled": true,
            "estimated_instance_warmup": 0,
            "id": "technova-prod-scale-up",
            "metric_aggregation_type": "",
            "min_adjustment_magnitude": null,
            "name": "technova-prod-scale-up",
            "policy_type": "SimpleScaling",
            "predictive_scaling_configuration": [],
            "scaling_adjustment": 1,
            "step_adjustment": [],
            "target_tracking_configuration": []
          },
          "sensitive_attributes": [],
          "private": "bnVsbA==",
          "dependencies": [
            "module.alb.aws_lb_target_group.main",
            "module.asg.aws_autoscaling_group.main",
            "module.asg.aws_launch_template.main",
            "module.asg.data.aws_ami.amazon_linux",
            "module.security_groups.aws_security_group.alb",
            "module.security_groups.aws_security_group.instance",
            "module.vpc.aws_subnet.private",
            "module.vpc.aws_vpc.main"
          ]
        }
      ]
    },
    {
      "module": "module.asg",
      "mode": "managed",
      "type": "aws_cloudwatch_metric_alarm",
      "name": "high_cpu",
      "provider": "provider[\"registry.terraform.io/hashicorp/aws\"]",
      "instances": [
        {
          "schema_version": 1,
          "attributes": {
            "actions_enabled": true,
            "alarm_actions": [
              "arn:aws:autoscaling:us-east-1:187726662576:scalingPolicy:a573f0dc-8c54-4ee4-95ca-0763443c1cdf:autoScalingGroupName/technova-prod-asg:policyName/technova-prod-scale-up"
            ],
            "alarm_description": "Scale up if CPU utilization is above 70% for 4 minutes",
            "alarm_name": "technova-prod-high-cpu",
            "arn": "arn:aws:cloudwatch:us-east-1:187726662576:alarm:technova-prod-high-cpu",
            "comparison_operator": "GreaterThanThreshold",
            "datapoints_to_alarm": 0,
            "dimensions": {
              "AutoScalingGroupName": "technova-prod-asg"
            },
            "evaluate_low_sample_count_percentiles": "",
            "evaluation_periods": 2,
            "extended_statistic": "",
            "id": "technova-prod-high-cpu",
            "insufficient_data_actions": null,
            "metric_name": "CPUUtilization",
            "metric_query": [],
            "namespace": "AWS/EC2",
            "ok_actions": null,
            "period": 120,
            "statistic": "Average",
            "tags": {
              "Department": "IT",
              "Environment": "prod",
              "Name": "technova-prod-high-cpu-alarm",
              "Project": "technova"
            },
            "tags_all": {
              "Department": "IT",
              "Environment": "prod",
              "Name": "technova-prod-high-cpu-alarm",
              "Project": "technova"
            },
            "threshold": 70,
            "threshold_metric_id": "",
            "treat_missing_data": "missing",
            "unit": ""
          },
          "sensitive_attributes": [],
          "private": "eyJzY2hlbWFfdmVyc2lvbiI6IjEifQ==",
          "dependencies": [
            "module.alb.aws_lb_target_group.main",
            "module.asg.aws_autoscaling_group.main",
            "module.asg.aws_autoscaling_policy.scale_up",
            "module.asg.aws_launch_template.main",
            "module.asg.data.aws_ami.amazon_linux",
            "module.security_groups.aws_security_group.alb",
            "module.security_groups.aws_security_group.instance",
            "module.vpc.aws_subnet.private",
            "module.vpc.aws_vpc.main"
          ]
        }
      ]
    },
    {
      "module": "module.asg",
      "mode": "managed",
      "type": "aws_cloudwatch_metric_alarm",
      "name": "low_cpu",
      "provider": "provider[\"registry.terraform.io/hashicorp/aws\"]",
      "instances": [
        {
          "schema_version": 1,
          "attributes": {
            "actions_enabled": true,
            "alarm_actions": [
              "arn:aws:autoscaling:us-east-1:187726662576:scalingPolicy:4127bfe6-4af1-485f-9451-de4e3cdd1545:autoScalingGroupName/technova-prod-asg:policyName/technova-prod-scale-down"
            ],
            "alarm_description": "Scale down if CPU utilization is below 30% for 4 minutes",
            "alarm_name": "technova-prod-low-cpu",
            "arn": "arn:aws:cloudwatch:us-east-1:187726662576:alarm:technova-prod-low-cpu",
            "comparison_operator": "LessThanThreshold",
            "datapoints_to_alarm": 0,
            "dimensions": {
              "AutoScalingGroupName": "technova-prod-asg"
            },
            "evaluate_low_sample_count_percentiles": "",
            "evaluation_periods": 2,
            "extended_statistic": "",
            "id": "technova-prod-low-cpu",
            "insufficient_data_actions": null,
            "metric_name": "CPUUtilization",
            "metric_query": [],
            "namespace": "AWS/EC2",
            "ok_actions": null,
            "period": 120,
            "statistic": "Average",
            "tags": {
              "Department": "IT",
              "Environment": "prod",
              "Name": "technova-prod-low-cpu-alarm",
              "Project": "technova"
            },
            "tags_all": {
              "Department": "IT",
              "Environment": "prod",
              "Name": "technova-prod-low-cpu-alarm",
              "Project": "technova"
            },
            "threshold": 30,
            "threshold_metric_id": "",
            "treat_missing_data": "missing",
            "unit": ""
          },
          "sensitive_attributes": [],
          "private": "eyJzY2hlbWFfdmVyc2lvbiI6IjEifQ==",
          "dependencies": [
            "module.alb.aws_lb_target_group.main",
            "module.asg.aws_autoscaling_group.main",
            "module.asg.aws_autoscaling_policy.scale_down",
            "module.asg.aws_launch_template.main",
            "module.asg.data.aws_ami.amazon_linux",
            "module.security_groups.aws_security_group.alb",
            "module.security_groups.aws_security_group.instance",
            "module.vpc.aws_subnet.private",
            "module.vpc.aws_vpc.main"
          ]
        }
      ]
    },
    {
      "module": "module.asg",
      "mode": "managed",
      "type": "aws_launch_template",
      "name": "main",
      "provider": "provider[\"registry.terraform.io/hashicorp/aws\"]",
      "instances": [
        {
          "schema_version": 0,
          "attributes": {
            "arn": "arn:aws:ec2:us-east-1:187726662576:launch-template/lt-015e2841734d24280",
            "block_device_mappings": [],
            "capacity_reservation_specification": [],
            "cpu_options": [],
            "credit_specification": [],
            "default_version": 1,
            "description": "",
            "disable_api_stop": false,
            "disable_api_termination": false,
            "ebs_optimized": "",
            "elastic_gpu_specifications": [],
            "elastic_inference_accelerator": [],
            "enclave_options": [],
            "hibernation_options": [],
            "iam_instance_profile": [],
            "id": "lt-015e2841734d24280",
            "image_id": "ami-01f5a0b78d6089704",
            "instance_initiated_shutdown_behavior": "",
            "instance_market_options": [],
            "instance_requirements": [],
            "instance_type": "t2.micro",
            "kernel_id": "",
            "key_name": "",
            "latest_version": 1,
            "license_specification": [],
            "maintenance_options": [],
            "metadata_options": [],
            "monitoring": [],
            "name": "technova-prod-lt-20250318191613091000000001",
            "name_prefix": "technova-prod-lt-",
            "network_interfaces": [
              {
                "associate_carrier_ip_address": "",
                "associate_public_ip_address": "false",
                "delete_on_termination": "",
                "description": "",
                "device_index": 0,
                "interface_type": "",
                "ipv4_address_count": 0,
                "ipv4_addresses": null,
                "ipv4_prefix_count": 0,
                "ipv4_prefixes": null,
                "ipv6_address_count": 0,
                "ipv6_addresses": null,
                "ipv6_prefix_count": 0,
                "ipv6_prefixes": null,
                "network_card_index": 0,
                "network_interface_id": "",
                "private_ip_address": "",
                "security_groups": [
                  "sg-00e3d4517028f82e9"
                ],
                "subnet_id": ""
              }
            ],
            "placement": [],
            "private_dns_name_options": [],
            "ram_disk_id": "",
            "security_group_names": null,
            "tag_specifications": [
              {
                "resource_type": "instance",
                "tags": {
                  "Department": "IT",
                  "Environment": "prod",
                  "Name": "technova-prod-instance",
                  "Project": "technova"
                }
              }
            ],
            "tags": null,
            "tags_all": {},
            "update_default_version": null,
            "user_data": "IyEvYmluL2Jhc2gKIyBJbnN0YWxsIG5lY2Vzc2FyeSBwYWNrYWdlcwp5dW0gdXBkYXRlIC15Cnl1bSBpbnN0YWxsIC15IGh0dHBkCgojIFN0YXJ0IGFuZCBlbmFibGUgQXBhY2hlCnN5c3RlbWN0bCBzdGFydCBodHRwZApzeXN0ZW1jdGwgZW5hYmxlIGh0dHBkCgoKIyBDcmVhdGUgYSBzaW1wbGUgd2ViIHBhZ2UKY2F0ID4gL3Zhci93d3cvaHRtbC9pbmRleC5odG1sIDw8ICdFTkRIVE1MJwo8IURPQ1RZUEUgaHRtbD4KPGh0bWw+CjxoZWFkPgogICAgPHRpdGxlPlRlY2hOb3ZhIFdlYiBBcHA8L3RpdGxlPgogICAgPHN0eWxlPgogICAgICAgIGJvZHkgewogICAgICAgICAgICBmb250LWZhbWlseTogQXJpYWwsIHNhbnMtc2VyaWY7CiAgICAgICAgICAgIG1hcmdpbjogMDsKICAgICAgICAgICAgcGFkZGluZzogMDsKICAgICAgICAgICAgYmFja2dyb3VuZC1jb2xvcjogI2Y0ZjRmNDsKICAgICAgICAgICAgY29sb3I6ICMzMzM7CiAgICAgICAgICAgIGxpbmUtaGVpZ2h0OiAxLjY7CiAgICAgICAgfQogICAgICAgIC5jb250YWluZXIgewogICAgICAgICAgICB3aWR0aDogODAlOwogICAgICAgICAgICBtYXJnaW46IGF1dG87CiAgICAgICAgICAgIG92ZXJmbG93OiBoaWRkZW47CiAgICAgICAgICAgIHBhZGRpbmc6IDIwcHg7CiAgICAgICAgfQogICAgICAgIGhlYWRlciB7CiAgICAgICAgICAgIGJhY2tncm91bmQ6ICMwMDY5ZDk7CiAgICAgICAgICAgIGNvbG9yOiB3aGl0ZTsKICAgICAgICAgICAgcGFkZGluZzogMzBweDsKICAgICAgICAgICAgdGV4dC1hbGlnbjogY2VudGVyOwogICAgICAgIH0KICAgICAgICAuY29udGVudCB7CiAgICAgICAgICAgIGJhY2tncm91bmQ6IHdoaXRlOwogICAgICAgICAgICBwYWRkaW5nOiAyMHB4OwogICAgICAgICAgICBtYXJnaW4tdG9wOiAyMHB4OwogICAgICAgICAgICBib3JkZXItcmFkaXVzOiA1cHg7CiAgICAgICAgICAgIGJveC1zaGFkb3c6IDAgMXB4IDNweCByZ2JhKDAsMCwwLDAuMTIpOwogICAgICAgIH0KICAgICAgICBoMSB7CiAgICAgICAgICAgIG1hcmdpbjogMDsKICAgICAgICB9CiAgICAgICAgZm9vdGVyIHsKICAgICAgICAgICAgYmFja2dyb3VuZDogIzMzMzsKICAgICAgICAgICAgY29sb3I6IHdoaXRlOwogICAgICAgICAgICB0ZXh0LWFsaWduOiBjZW50ZXI7CiAgICAgICAgICAgIHBhZGRpbmc6IDEwcHg7CiAgICAgICAgICAgIG1hcmdpbi10b3A6IDIwcHg7CiAgICAgICAgfQogICAgPC9zdHlsZT4KPC9oZWFkPgo8Ym9keT4KICAgIDxoZWFkZXI+CiAgICAgICAgPGRpdiBjbGFzcz0iY29udGFpbmVyIj4KICAgICAgICAgICAgPGgxPlRlY2hOb3ZhIFdlYiBBcHA8L2gxPgogICAgICAgIDwvZGl2PgogICAgPC9oZWFkZXI+CiAgICAKICAgIDxkaXYgY2xhc3M9ImNvbnRhaW5lciI+CiAgICAgICAgPGRpdiBjbGFzcz0iY29udGVudCI+CiAgICAgICAgICAgIDxoMj5XZWxjb21lIHRvIFRlY2hOb3ZhJ3MgV2ViIEFwcGxpY2F0aW9uPC9oMj4KICAgICAgICAgICAgPHA+VGhpcyBpcyBhIHRlc3Qgc3RhdGljIHdlYiBwYWdlLjwvcD4KICAgICAgICA8L2Rpdj4KICAgIDwvZGl2Pgo8L2JvZHk+CjwvaHRtbD4KRU5ESFRNTAoKCgojIFNldCBjb3JyZWN0IHBlcm1pc3Npb25zCmNobW9kIDY0NCAvdmFyL3d3dy9odG1sL2luZGV4Lmh0bWwK",
            "vpc_security_group_ids": null
          },
          "sensitive_attributes": [],
          "private": "bnVsbA==",
          "dependencies": [
            "module.asg.data.aws_ami.amazon_linux",
            "module.security_groups.aws_security_group.alb",
            "module.security_groups.aws_security_group.instance",
            "module.vpc.aws_vpc.main"
          ],
          "create_before_destroy": true
        }
      ]
    },
    {
      "module": "module.security_groups",
      "mode": "managed",
      "type": "aws_security_group",
      "name": "alb",
      "provider": "provider[\"registry.terraform.io/hashicorp/aws\"]",
      "instances": [
        {
          "schema_version": 1,
          "attributes": {
            "arn": "arn:aws:ec2:us-east-1:187726662576:security-group/sg-001fa6138354f568e",
            "description": "Security group for the application load balancer",
            "egress": [
              {
                "cidr_blocks": [
                  "0.0.0.0/0"
                ],
                "description": "",
                "from_port": 0,
                "ipv6_cidr_blocks": [],
                "prefix_list_ids": [],
                "protocol": "-1",
                "security_groups": [],
                "self": false,
                "to_port": 0
              }
            ],
            "id": "sg-001fa6138354f568e",
            "ingress": [
              {
                "cidr_blocks": [
                  "0.0.0.0/0"
                ],
                "description": "HTTP from internet",
                "from_port": 80,
                "ipv6_cidr_blocks": [],
                "prefix_list_ids": [],
                "protocol": "tcp",
                "security_groups": [],
                "self": false,
                "to_port": 80
              }
            ],
            "name": "technova-prod-alb-sg",
            "name_prefix": "",
            "owner_id": "187726662576",
            "revoke_rules_on_delete": false,
            "tags": {
              "Department": "IT",
              "Environment": "prod",
              "Name": "technova-prod-alb-sg",
              "Project": "technova"
            },
            "tags_all": {
              "Department": "IT",
              "Environment": "prod",
              "Name": "technova-prod-alb-sg",
              "Project": "technova"
            },
            "timeouts": null,
            "vpc_id": "vpc-04a06534acad66e07"
          },
          "sensitive_attributes": [],
          "private": "eyJlMmJmYjczMC1lY2FhLTExZTYtOGY4OC0zNDM2M2JjN2M0YzAiOnsiY3JlYXRlIjo2MDAwMDAwMDAwMDAsImRlbGV0ZSI6OTAwMDAwMDAwMDAwfSwic2NoZW1hX3ZlcnNpb24iOiIxIn0=",
          "dependencies": [
            "module.vpc.aws_vpc.main"
          ],
          "create_before_destroy": true
        }
      ]
    },
    {
      "module": "module.security_groups",
      "mode": "managed",
      "type": "aws_security_group",
      "name": "instance",
      "provider": "provider[\"registry.terraform.io/hashicorp/aws\"]",
      "instances": [
        {
          "schema_version": 1,
          "attributes": {
            "arn": "arn:aws:ec2:us-east-1:187726662576:security-group/sg-00e3d4517028f82e9",
            "description": "Security group for the web application instances",
            "egress": [
              {
                "cidr_blocks": [
                  "0.0.0.0/0"
                ],
                "description": "",
                "from_port": 0,
                "ipv6_cidr_blocks": [],
                "prefix_list_ids": [],
                "protocol": "-1",
                "security_groups": [],
                "self": false,
                "to_port": 0
              }
            ],
            "id": "sg-00e3d4517028f82e9",
            "ingress": [
              {
                "cidr_blocks": [],
                "description": "HTTP from ALB",
                "from_port": 80,
                "ipv6_cidr_blocks": [],
                "prefix_list_ids": [],
                "protocol": "tcp",
                "security_groups": [
                  "sg-001fa6138354f568e"
                ],
                "self": false,
                "to_port": 80
              },
              {
                "cidr_blocks": [],
                "description": "HTTPS from ALB",
                "from_port": 443,
                "ipv6_cidr_blocks": [],
                "prefix_list_ids": [],
                "protocol": "tcp",
                "security_groups": [
                  "sg-001fa6138354f568e"
                ],
                "self": false,
                "to_port": 443
              }
            ],
            "name": "technova-prod-instance-sg",
            "name_prefix": "",
            "owner_id": "187726662576",
            "revoke_rules_on_delete": false,
            "tags": {
              "Department": "IT",
              "Environment": "prod",
              "Name": "technova-prod-instance-sg",
              "Project": "technova"
            },
            "tags_all": {
              "Department": "IT",
              "Environment": "prod",
              "Name": "technova-prod-instance-sg",
              "Project": "technova"
            },
            "timeouts": null,
            "vpc_id": "vpc-04a06534acad66e07"
          },
          "sensitive_attributes": [],
          "private": "eyJlMmJmYjczMC1lY2FhLTExZTYtOGY4OC0zNDM2M2JjN2M0YzAiOnsiY3JlYXRlIjo2MDAwMDAwMDAwMDAsImRlbGV0ZSI6OTAwMDAwMDAwMDAwfSwic2NoZW1hX3ZlcnNpb24iOiIxIn0=",
          "dependencies": [
            "module.security_groups.aws_security_group.alb",
            "module.vpc.aws_vpc.main"
          ],
          "create_before_destroy": true
        }
      ]
    },
    {
      "module": "module.vpc",
      "mode": "managed",
      "type": "aws_eip",
      "name": "nat",
      "provider": "provider[\"registry.terraform.io/hashicorp/aws\"]",
      "instances": [
        {
          "index_key": 0,
          "schema_version": 0,
          "attributes": {
            "address": null,
            "allocation_id": "eipalloc-07e73d6edc516d2c5",
            "associate_with_private_ip": null,
            "association_id": "",
            "carrier_ip": "",
            "customer_owned_ip": "",
            "customer_owned_ipv4_pool": "",
            "domain": "vpc",
            "id": "eipalloc-07e73d6edc516d2c5",
            "instance": "",
            "network_border_group": "us-east-1",
            "network_interface": "",
            "private_dns": null,
            "private_ip": "",
            "public_dns": "ec2-107-22-135-244.compute-1.amazonaws.com",
            "public_ip": "107.22.135.244",
            "public_ipv4_pool": "amazon",
            "tags": {
              "Department": "IT",
              "Environment": "prod",
              "Name": "technova-prod-eip-1",
              "Project": "technova"
            },
            "tags_all": {
              "Department": "IT",
              "Environment": "prod",
              "Name": "technova-prod-eip-1",
              "Project": "technova"
            },
            "timeouts": null,
            "vpc": true
          },
          "sensitive_attributes": [],
          "private": "eyJlMmJmYjczMC1lY2FhLTExZTYtOGY4OC0zNDM2M2JjN2M0YzAiOnsiZGVsZXRlIjoxODAwMDAwMDAwMDAsInJlYWQiOjkwMDAwMDAwMDAwMCwidXBkYXRlIjozMDAwMDAwMDAwMDB9fQ=="
        },
        {
          "index_key": 1,
          "schema_version": 0,
          "attributes": {
            "address": null,
            "allocation_id": "eipalloc-0c37663182bcd5cbe",
            "associate_with_private_ip": null,
            "association_id": "",
            "carrier_ip": "",
            "customer_owned_ip": "",
            "customer_owned_ipv4_pool": "",
            "domain": "vpc",
            "id": "eipalloc-0c37663182bcd5cbe",
            "instance": "",
            "network_border_group": "us-east-1",
            "network_interface": "",
            "private_dns": null,
            "private_ip": "",
            "public_dns": "ec2-18-208-69-148.compute-1.amazonaws.com",
            "public_ip": "18.208.69.148",
            "public_ipv4_pool": "amazon",
            "tags": {
              "Department": "IT",
              "Environment": "prod",
              "Name": "technova-prod-eip-2",
              "Project": "technova"
            },
            "tags_all": {
              "Department": "IT",
              "Environment": "prod",
              "Name": "technova-prod-eip-2",
              "Project": "technova"
            },
            "timeouts": null,
            "vpc": true
          },
          "sensitive_attributes": [],
          "private": "eyJlMmJmYjczMC1lY2FhLTExZTYtOGY4OC0zNDM2M2JjN2M0YzAiOnsiZGVsZXRlIjoxODAwMDAwMDAwMDAsInJlYWQiOjkwMDAwMDAwMDAwMCwidXBkYXRlIjozMDAwMDAwMDAwMDB9fQ=="
        }
      ]
    },
    {
      "module": "module.vpc",
      "mode": "managed",
      "type": "aws_internet_gateway",
      "name": "main",
      "provider": "provider[\"registry.terraform.io/hashicorp/aws\"]",
      "instances": [
        {
          "schema_version": 0,
          "attributes": {
            "arn": "arn:aws:ec2:us-east-1:187726662576:internet-gateway/igw-0de824a34fc7b6221",
            "id": "igw-0de824a34fc7b6221",
            "owner_id": "187726662576",
            "tags": {
              "Department": "IT",
              "Environment": "prod",
              "Name": "technova-prod-igw",
              "Project": "technova"
            },
            "tags_all": {
              "Department": "IT",
              "Environment": "prod",
              "Name": "technova-prod-igw",
              "Project": "technova"
            },
            "timeouts": null,
            "vpc_id": "vpc-04a06534acad66e07"
          },
          "sensitive_attributes": [],
          "private": "eyJlMmJmYjczMC1lY2FhLTExZTYtOGY4OC0zNDM2M2JjN2M0YzAiOnsiY3JlYXRlIjoxMjAwMDAwMDAwMDAwLCJkZWxldGUiOjEyMDAwMDAwMDAwMDAsInVwZGF0ZSI6MTIwMDAwMDAwMDAwMH19",
          "dependencies": [
            "module.vpc.aws_vpc.main"
          ]
        }
      ]
    },
    {
      "module": "module.vpc",
      "mode": "managed",
      "type": "aws_nat_gateway",
      "name": "main",
      "provider": "provider[\"registry.terraform.io/hashicorp/aws\"]",
      "instances": [
        {
          "index_key": 0,
          "schema_version": 0,
          "attributes": {
            "allocation_id": "eipalloc-07e73d6edc516d2c5",
            "connectivity_type": "public",
            "id": "nat-0dcdb8b07107371a0",
            "network_interface_id": "eni-09c10979a057b4085",
            "private_ip": "10.0.1.235",
            "public_ip": "107.22.135.244",
            "subnet_id": "subnet-047b95401cb1f8342",
            "tags": {
              "Department": "IT",
              "Environment": "prod",
              "Name": "technova-prod-nat-1",
              "Project": "technova"
            },
            "tags_all": {
              "Department": "IT",
              "Environment": "prod",
              "Name": "technova-prod-nat-1",
              "Project": "technova"
            }
          },
          "sensitive_attributes": [],
          "private": "bnVsbA==",
          "dependencies": [
            "module.vpc.aws_eip.nat",
            "module.vpc.aws_internet_gateway.main",
            "module.vpc.aws_subnet.public",
            "module.vpc.aws_vpc.main"
          ]
        },
        {
          "index_key": 1,
          "schema_version": 0,
          "attributes": {
            "allocation_id": "eipalloc-0c37663182bcd5cbe",
            "connectivity_type": "public",
            "id": "nat-09cf78614084500f1",
            "network_interface_id": "eni-091decffd75daeee6",
            "private_ip": "10.0.2.243",
            "public_ip": "18.208.69.148",
            "subnet_id": "subnet-0e89675f4e7c4c570",
            "tags": {
              "Department": "IT",
              "Environment": "prod",
              "Name": "technova-prod-nat-2",
              "Project": "technova"
            },
            "tags_all": {
              "Department": "IT",
              "Environment": "prod",
              "Name": "technova-prod-nat-2",
              "Project": "technova"
            }
          },
          "sensitive_attributes": [],
          "private": "bnVsbA==",
          "dependencies": [
            "module.vpc.aws_eip.nat",
            "module.vpc.aws_internet_gateway.main",
            "module.vpc.aws_subnet.public",
            "module.vpc.aws_vpc.main"
          ]
        }
      ]
    },
    {
      "module": "module.vpc",
      "mode": "managed",
      "type": "aws_route_table",
      "name": "private",
      "provider": "provider[\"registry.terraform.io/hashicorp/aws\"]",
      "instances": [
        {
          "index_key": 0,
          "schema_version": 0,
          "attributes": {
            "arn": "arn:aws:ec2:us-east-1:187726662576:route-table/rtb-0801ebe3e51fbb1a1",
            "id": "rtb-0801ebe3e51fbb1a1",
            "owner_id": "187726662576",
            "propagating_vgws": [],
            "route": [
              {
                "carrier_gateway_id": "",
                "cidr_block": "0.0.0.0/0",
                "core_network_arn": "",
                "destination_prefix_list_id": "",
                "egress_only_gateway_id": "",
                "gateway_id": "",
                "instance_id": "",
                "ipv6_cidr_block": "",
                "local_gateway_id": "",
                "nat_gateway_id": "nat-0dcdb8b07107371a0",
                "network_interface_id": "",
                "transit_gateway_id": "",
                "vpc_endpoint_id": "",
                "vpc_peering_connection_id": ""
              }
            ],
            "tags": {
              "Department": "IT",
              "Environment": "prod",
              "Name": "technova-prod-private-rt-1",
              "Project": "technova"
            },
            "tags_all": {
              "Department": "IT",
              "Environment": "prod",
              "Name": "technova-prod-private-rt-1",
              "Project": "technova"
            },
            "timeouts": null,
            "vpc_id": "vpc-04a06534acad66e07"
          },
          "sensitive_attributes": [],
          "private": "eyJlMmJmYjczMC1lY2FhLTExZTYtOGY4OC0zNDM2M2JjN2M0YzAiOnsiY3JlYXRlIjozMDAwMDAwMDAwMDAsImRlbGV0ZSI6MzAwMDAwMDAwMDAwLCJ1cGRhdGUiOjEyMDAwMDAwMDAwMH19",
          "dependencies": [
            "module.vpc.aws_eip.nat",
            "module.vpc.aws_internet_gateway.main",
            "module.vpc.aws_nat_gateway.main",
            "module.vpc.aws_subnet.public",
            "module.vpc.aws_vpc.main"
          ]
        },
        {
          "index_key": 1,
          "schema_version": 0,
          "attributes": {
            "arn": "arn:aws:ec2:us-east-1:187726662576:route-table/rtb-0c42ce54afec2f40e",
            "id": "rtb-0c42ce54afec2f40e",
            "owner_id": "187726662576",
            "propagating_vgws": [],
            "route": [
              {
                "carrier_gateway_id": "",
                "cidr_block": "0.0.0.0/0",
                "core_network_arn": "",
                "destination_prefix_list_id": "",
                "egress_only_gateway_id": "",
                "gateway_id": "",
                "instance_id": "",
                "ipv6_cidr_block": "",
                "local_gateway_id": "",
                "nat_gateway_id": "nat-09cf78614084500f1",
                "network_interface_id": "",
                "transit_gateway_id": "",
                "vpc_endpoint_id": "",
                "vpc_peering_connection_id": ""
              }
            ],
            "tags": {
              "Department": "IT",
              "Environment": "prod",
              "Name": "technova-prod-private-rt-2",
              "Project": "technova"
            },
            "tags_all": {
              "Department": "IT",
              "Environment": "prod",
              "Name": "technova-prod-private-rt-2",
              "Project": "technova"
            },
            "timeouts": null,
            "vpc_id": "vpc-04a06534acad66e07"
          },
          "sensitive_attributes": [],
          "private": "eyJlMmJmYjczMC1lY2FhLTExZTYtOGY4OC0zNDM2M2JjN2M0YzAiOnsiY3JlYXRlIjozMDAwMDAwMDAwMDAsImRlbGV0ZSI6MzAwMDAwMDAwMDAwLCJ1cGRhdGUiOjEyMDAwMDAwMDAwMH19",
          "dependencies": [
            "module.vpc.aws_eip.nat",
            "module.vpc.aws_internet_gateway.main",
            "module.vpc.aws_nat_gateway.main",
            "module.vpc.aws_subnet.public",
            "module.vpc.aws_vpc.main"
          ]
        }
      ]
    },
    {
      "module": "module.vpc",
      "mode": "managed",
      "type": "aws_route_table",
      "name": "public",
      "provider": "provider[\"registry.terraform.io/hashicorp/aws\"]",
      "instances": [
        {
          "schema_version": 0,
          "attributes": {
            "arn": "arn:aws:ec2:us-east-1:187726662576:route-table/rtb-051302fd3cb9b993a",
            "id": "rtb-051302fd3cb9b993a",
            "owner_id": "187726662576",
            "propagating_vgws": [],
            "route": [
              {
                "carrier_gateway_id": "",
                "cidr_block": "0.0.0.0/0",
                "core_network_arn": "",
                "destination_prefix_list_id": "",
                "egress_only_gateway_id": "",
                "gateway_id": "igw-0de824a34fc7b6221",
                "instance_id": "",
                "ipv6_cidr_block": "",
                "local_gateway_id": "",
                "nat_gateway_id": "",
                "network_interface_id": "",
                "transit_gateway_id": "",
                "vpc_endpoint_id": "",
                "vpc_peering_connection_id": ""
              }
            ],
            "tags": {
              "Department": "IT",
              "Environment": "prod",
              "Name": "technova-prod-public-rt",
              "Project": "technova"
            },
            "tags_all": {
              "Department": "IT",
              "Environment": "prod",
              "Name": "technova-prod-public-rt",
              "Project": "technova"
            },
            "timeouts": null,
            "vpc_id": "vpc-04a06534acad66e07"
          },
          "sensitive_attributes": [],
          "private": "eyJlMmJmYjczMC1lY2FhLTExZTYtOGY4OC0zNDM2M2JjN2M0YzAiOnsiY3JlYXRlIjozMDAwMDAwMDAwMDAsImRlbGV0ZSI6MzAwMDAwMDAwMDAwLCJ1cGRhdGUiOjEyMDAwMDAwMDAwMH19",
          "dependencies": [
            "module.vpc.aws_internet_gateway.main",
            "module.vpc.aws_vpc.main"
          ]
        }
      ]
    },
    {
      "module": "module.vpc",
      "mode": "managed",
      "type": "aws_route_table_association",
      "name": "private",
      "provider": "provider[\"registry.terraform.io/hashicorp/aws\"]",
      "instances": [
        {
          "index_key": 0,
          "schema_version": 0,
          "attributes": {
            "gateway_id": "",
            "id": "rtbassoc-0ad9e7590a90ef18d",
            "route_table_id": "rtb-0801ebe3e51fbb1a1",
            "subnet_id": "subnet-075d4b5a4d07c617b"
          },
          "sensitive_attributes": [],
          "private": "bnVsbA==",
          "dependencies": [
            "module.vpc.aws_eip.nat",
            "module.vpc.aws_internet_gateway.main",
            "module.vpc.aws_nat_gateway.main",
            "module.vpc.aws_route_table.private",
            "module.vpc.aws_subnet.private",
            "module.vpc.aws_subnet.public",
            "module.vpc.aws_vpc.main"
          ]
        },
        {
          "index_key": 1,
          "schema_version": 0,
          "attributes": {
            "gateway_id": "",
            "id": "rtbassoc-0dd1165c47cf6117e",
            "route_table_id": "rtb-0c42ce54afec2f40e",
            "subnet_id": "subnet-0725ccb56709498cf"
          },
          "sensitive_attributes": [],
          "private": "bnVsbA==",
          "dependencies": [
            "module.vpc.aws_eip.nat",
            "module.vpc.aws_internet_gateway.main",
            "module.vpc.aws_nat_gateway.main",
            "module.vpc.aws_route_table.private",
            "module.vpc.aws_subnet.private",
            "module.vpc.aws_subnet.public",
            "module.vpc.aws_vpc.main"
          ]
        }
      ]
    },
    {
      "module": "module.vpc",
      "mode": "managed",
      "type": "aws_route_table_association",
      "name": "public",
      "provider": "provider[\"registry.terraform.io/hashicorp/aws\"]",
      "instances": [
        {
          "index_key": 0,
          "schema_version": 0,
          "attributes": {
            "gateway_id": "",
            "id": "rtbassoc-05dee6a0554c6fad6",
            "route_table_id": "rtb-051302fd3cb9b993a",
            "subnet_id": "subnet-047b95401cb1f8342"
          },
          "sensitive_attributes": [],
          "private": "bnVsbA==",
          "dependencies": [
            "module.vpc.aws_internet_gateway.main",
            "module.vpc.aws_route_table.public",
            "module.vpc.aws_subnet.public",
            "module.vpc.aws_vpc.main"
          ]
        },
        {
          "index_key": 1,
          "schema_version": 0,
          "attributes": {
            "gateway_id": "",
            "id": "rtbassoc-0200d710b0eb2ac56",
            "route_table_id": "rtb-051302fd3cb9b993a",
            "subnet_id": "subnet-0e89675f4e7c4c570"
          },
          "sensitive_attributes": [],
          "private": "bnVsbA==",
          "dependencies": [
            "module.vpc.aws_internet_gateway.main",
            "module.vpc.aws_route_table.public",
            "module.vpc.aws_subnet.public",
            "module.vpc.aws_vpc.main"
          ]
        }
      ]
    },
    {
      "module": "module.vpc",
      "mode": "managed",
      "type": "aws_subnet",
      "name": "private",
      "provider": "provider[\"registry.terraform.io/hashicorp/aws\"]",
      "instances": [
        {
          "index_key": 0,
          "schema_version": 1,
          "attributes": {
            "arn": "arn:aws:ec2:us-east-1:187726662576:subnet/subnet-075d4b5a4d07c617b",
            "assign_ipv6_address_on_creation": false,
            "availability_zone": "us-east-1a",
            "availability_zone_id": "use1-az4",
            "cidr_block": "10.0.3.0/24",
            "customer_owned_ipv4_pool": "",
            "enable_dns64": false,
            "enable_resource_name_dns_a_record_on_launch": false,
            "enable_resource_name_dns_aaaa_record_on_launch": false,
            "id": "subnet-075d4b5a4d07c617b",
            "ipv6_cidr_block": "",
            "ipv6_cidr_block_association_id": "",
            "ipv6_native": false,
            "map_customer_owned_ip_on_launch": false,
            "map_public_ip_on_launch": false,
            "outpost_arn": "",
            "owner_id": "187726662576",
            "private_dns_hostname_type_on_launch": "ip-name",
            "tags": {
              "Department": "IT",
              "Environment": "prod",
              "Name": "technova-prod-private-subnet-1",
              "Project": "technova"
            },
            "tags_all": {
              "Department": "IT",
              "Environment": "prod",
              "Name": "technova-prod-private-subnet-1",
              "Project": "technova"
            },
            "timeouts": null,
            "vpc_id": "vpc-04a06534acad66e07"
          },
          "sensitive_attributes": [],
          "private": "eyJlMmJmYjczMC1lY2FhLTExZTYtOGY4OC0zNDM2M2JjN2M0YzAiOnsiY3JlYXRlIjo2MDAwMDAwMDAwMDAsImRlbGV0ZSI6MTIwMDAwMDAwMDAwMH0sInNjaGVtYV92ZXJzaW9uIjoiMSJ9",
          "dependencies": [
            "module.vpc.aws_vpc.main"
          ],
          "create_before_destroy": true
        },
        {
          "index_key": 1,
          "schema_version": 1,
          "attributes": {
            "arn": "arn:aws:ec2:us-east-1:187726662576:subnet/subnet-0725ccb56709498cf",
            "assign_ipv6_address_on_creation": false,
            "availability_zone": "us-east-1b",
            "availability_zone_id": "use1-az6",
            "cidr_block": "10.0.4.0/24",
            "customer_owned_ipv4_pool": "",
            "enable_dns64": false,
            "enable_resource_name_dns_a_record_on_launch": false,
            "enable_resource_name_dns_aaaa_record_on_launch": false,
            "id": "subnet-0725ccb56709498cf",
            "ipv6_cidr_block": "",
            "ipv6_cidr_block_association_id": "",
            "ipv6_native": false,
            "map_customer_owned_ip_on_launch": false,
            "map_public_ip_on_launch": false,
            "outpost_arn": "",
            "owner_id": "187726662576",
            "private_dns_hostname_type_on_launch": "ip-name",
            "tags": {
              "Department": "IT",
              "Environment": "prod",
              "Name": "technova-prod-private-subnet-2",
              "Project": "technova"
            },
            "tags_all": {
              "Department": "IT",
              "Environment": "prod",
              "Name": "technova-prod-private-subnet-2",
              "Project": "technova"
            },
            "timeouts": null,
            "vpc_id": "vpc-04a06534acad66e07"
          },
          "sensitive_attributes": [],
          "private": "eyJlMmJmYjczMC1lY2FhLTExZTYtOGY4OC0zNDM2M2JjN2M0YzAiOnsiY3JlYXRlIjo2MDAwMDAwMDAwMDAsImRlbGV0ZSI6MTIwMDAwMDAwMDAwMH0sInNjaGVtYV92ZXJzaW9uIjoiMSJ9",
          "dependencies": [
            "module.vpc.aws_vpc.main"
          ],
          "create_before_destroy": true
        }
      ]
    },
    {
      "module": "module.vpc",
      "mode": "managed",
      "type": "aws_subnet",
      "name": "public",
      "provider": "provider[\"registry.terraform.io/hashicorp/aws\"]",
      "instances": [
        {
          "index_key": 0,
          "schema_version": 1,
          "attributes": {
            "arn": "arn:aws:ec2:us-east-1:187726662576:subnet/subnet-047b95401cb1f8342",
            "assign_ipv6_address_on_creation": false,
            "availability_zone": "us-east-1a",
            "availability_zone_id": "use1-az4",
            "cidr_block": "10.0.1.0/24",
            "customer_owned_ipv4_pool": "",
            "enable_dns64": false,
            "enable_resource_name_dns_a_record_on_launch": false,
            "enable_resource_name_dns_aaaa_record_on_launch": false,
            "id": "subnet-047b95401cb1f8342",
            "ipv6_cidr_block": "",
            "ipv6_cidr_block_association_id": "",
            "ipv6_native": false,
            "map_customer_owned_ip_on_launch": false,
            "map_public_ip_on_launch": true,
            "outpost_arn": "",
            "owner_id": "187726662576",
            "private_dns_hostname_type_on_launch": "ip-name",
            "tags": {
              "Department": "IT",
              "Environment": "prod",
              "Name": "technova-prod-public-subnet-1",
              "Project": "technova"
            },
            "tags_all": {
              "Department": "IT",
              "Environment": "prod",
              "Name": "technova-prod-public-subnet-1",
              "Project": "technova"
            },
            "timeouts": null,
            "vpc_id": "vpc-04a06534acad66e07"
          },
          "sensitive_attributes": [],
          "private": "eyJlMmJmYjczMC1lY2FhLTExZTYtOGY4OC0zNDM2M2JjN2M0YzAiOnsiY3JlYXRlIjo2MDAwMDAwMDAwMDAsImRlbGV0ZSI6MTIwMDAwMDAwMDAwMH0sInNjaGVtYV92ZXJzaW9uIjoiMSJ9",
          "dependencies": [
            "module.vpc.aws_vpc.main"
          ]
        },
        {
          "index_key": 1,
          "schema_version": 1,
          "attributes": {
            "arn": "arn:aws:ec2:us-east-1:187726662576:subnet/subnet-0e89675f4e7c4c570",
            "assign_ipv6_address_on_creation": false,
            "availability_zone": "us-east-1b",
            "availability_zone_id": "use1-az6",
            "cidr_block": "10.0.2.0/24",
            "customer_owned_ipv4_pool": "",
            "enable_dns64": false,
            "enable_resource_name_dns_a_record_on_launch": false,
            "enable_resource_name_dns_aaaa_record_on_launch": false,
            "id": "subnet-0e89675f4e7c4c570",
            "ipv6_cidr_block": "",
            "ipv6_cidr_block_association_id": "",
            "ipv6_native": false,
            "map_customer_owned_ip_on_launch": false,
            "map_public_ip_on_launch": true,
            "outpost_arn": "",
            "owner_id": "187726662576",
            "private_dns_hostname_type_on_launch": "ip-name",
            "tags": {
              "Department": "IT",
              "Environment": "prod",
              "Name": "technova-prod-public-subnet-2",
              "Project": "technova"
            },
            "tags_all": {
              "Department": "IT",
              "Environment": "prod",
              "Name": "technova-prod-public-subnet-2",
              "Project": "technova"
            },
            "timeouts": null,
            "vpc_id": "vpc-04a06534acad66e07"
          },
          "sensitive_attributes": [],
          "private": "eyJlMmJmYjczMC1lY2FhLTExZTYtOGY4OC0zNDM2M2JjN2M0YzAiOnsiY3JlYXRlIjo2MDAwMDAwMDAwMDAsImRlbGV0ZSI6MTIwMDAwMDAwMDAwMH0sInNjaGVtYV92ZXJzaW9uIjoiMSJ9",
          "dependencies": [
            "module.vpc.aws_vpc.main"
          ]
        }
      ]
    },
    {
      "module": "module.vpc",
      "mode": "managed",
      "type": "aws_vpc",
      "name": "main",
      "provider": "provider[\"registry.terraform.io/hashicorp/aws\"]",
      "instances": [
        {
          "schema_version": 1,
          "attributes": {
            "arn": "arn:aws:ec2:us-east-1:187726662576:vpc/vpc-04a06534acad66e07",
            "assign_generated_ipv6_cidr_block": false,
            "cidr_block": "10.0.0.0/16",
            "default_network_acl_id": "acl-05a0e9f37ad963f5c",
            "default_route_table_id": "rtb-06d623e92b08a21a8",
            "default_security_group_id": "sg-0f2222d9a9cd5cf40",
            "dhcp_options_id": "dopt-048ced1d06c2ac3fe",
            "enable_classiclink": false,
            "enable_classiclink_dns_support": false,
            "enable_dns_hostnames": true,
            "enable_dns_support": true,
            "enable_network_address_usage_metrics": false,
            "id": "vpc-04a06534acad66e07",
            "instance_tenancy": "default",
            "ipv4_ipam_pool_id": null,
            "ipv4_netmask_length": null,
            "ipv6_association_id": "",
            "ipv6_cidr_block": "",
            "ipv6_cidr_block_network_border_group": "",
            "ipv6_ipam_pool_id": "",
            "ipv6_netmask_length": 0,
            "main_route_table_id": "rtb-06d623e92b08a21a8",
            "owner_id": "187726662576",
            "tags": {
              "Department": "IT",
              "Environment": "prod",
              "Name": "technova-prod-vpc",
              "Project": "technova"
            },
            "tags_all": {
              "Department": "IT",
              "Environment": "prod",
              "Name": "technova-prod-vpc",
              "Project": "technova"
            }
          },
          "sensitive_attributes": [],
          "private": "eyJzY2hlbWFfdmVyc2lvbiI6IjEifQ==",
          "create_before_destroy": true
        }
      ]
    }
  ],
  "check_results": null
}
